
Microsoft Visual Studio Solution File, Format Version 12.00
# Visual Studio Version 17
VisualStudioVersion = 17.11.35219.272
MinimumVisualStudioVersion = 10.0.40219.1
Project("{FAE04EC0-301F-11D3-BF4B-00C04F79EFBC}") = "Problema 1", "Problema 1\Problema 1.csproj", "{A644F6DD-73E1-47D3-95BF-D8A905F1BA55}"
EndProject
Global
	GlobalSection(SolutionConfigurationPlatforms) = preSolution
		Debug|Any CPU = Debug|Any CPU
		Release|Any CPU = Release|Any CPU
	EndGlobalSection
	GlobalSection(ProjectConfigurationPlatforms) = postSolution
		{A644F6DD-73E1-47D3-95BF-D8A905F1BA55}.Debug|Any CPU.ActiveCfg = Debug|Any CPU
		{A644F6DD-73E1-47D3-95BF-D8A905F1BA55}.Debug|Any CPU.Build.0 = Debug|Any CPU
		{A644F6DD-73E1-47D3-95BF-D8A905F1BA55}.Release|Any CPU.ActiveCfg = Release|Any CPU
		{A644F6DD-73E1-47D3-95BF-D8A905F1BA55}.Release|Any CPU.Build.0 = Release|Any CPU
	EndGlobalSection
	GlobalSection(SolutionProperties) = preSolution
		HideSolutionNode = FALSE
	EndGlobalSection
	GlobalSection(ExtensibilityGlobals) = postSolution
		SolutionGuid = {2425F191-AC8B-489E-9E02-B48682D8C2A5}
	EndGlobalSection
EndGlobal
